// !$*UTF8*$!
{
	archiveVersion = 1;
	classes = {
	};
	objectVersion = 46;
	objects = {

/* Begin PBXBuildFile section */
		84CB94B61BB19F26003DF310 /* libarcommands.a in Frameworks */ = {isa = PBXBuildFile; fileRef = 84CB94AE1BB19F26003DF310 /* libarcommands.a */; };
		84CB94B71BB19F26003DF310 /* libarcontroller.a in Frameworks */ = {isa = PBXBuildFile; fileRef = 84CB94AF1BB19F26003DF310 /* libarcontroller.a */; };
		84CB94B81BB19F26003DF310 /* libardiscovery.a in Frameworks */ = {isa = PBXBuildFile; fileRef = 84CB94B01BB19F26003DF310 /* libardiscovery.a */; };
		84CB94B91BB19F26003DF310 /* libarnetwork.a in Frameworks */ = {isa = PBXBuildFile; fileRef = 84CB94B11BB19F26003DF310 /* libarnetwork.a */; };
		84CB94BA1BB19F26003DF310 /* libarnetworkal.a in Frameworks */ = {isa = PBXBuildFile; fileRef = 84CB94B21BB19F26003DF310 /* libarnetworkal.a */; };
		84CB94BB1BB19F26003DF310 /* libarsal.a in Frameworks */ = {isa = PBXBuildFile; fileRef = 84CB94B31BB19F26003DF310 /* libarsal.a */; };
		84CB94BC1BB19F26003DF310 /* libarstream.a in Frameworks */ = {isa = PBXBuildFile; fileRef = 84CB94B41BB19F26003DF310 /* libarstream.a */; };
		84CB94BD1BB19F26003DF310 /* libjson.a in Frameworks */ = {isa = PBXBuildFile; fileRef = 84CB94B51BB19F26003DF310 /* libjson.a */; };
		F8BD2F4F1B1470660096573E /* main.m in Sources */ = {isa = PBXBuildFile; fileRef = F8BD2F4E1B1470660096573E /* main.m */; };
		F8BD2F521B1470660096573E /* AppDelegate.m in Sources */ = {isa = PBXBuildFile; fileRef = F8BD2F511B1470660096573E /* AppDelegate.m */; };
		F8BD2F551B1470660096573E /* ViewController.m in Sources */ = {isa = PBXBuildFile; fileRef = F8BD2F541B1470660096573E /* ViewController.m */; };
		F8BD2F581B1470660096573E /* Main.storyboard in Resources */ = {isa = PBXBuildFile; fileRef = F8BD2F561B1470660096573E /* Main.storyboard */; };
		F8BD2F5A1B1470660096573E /* Images.xcassets in Resources */ = {isa = PBXBuildFile; fileRef = F8BD2F591B1470660096573E /* Images.xcassets */; };
		F8BD2F5D1B1470660096573E /* LaunchScreen.xib in Resources */ = {isa = PBXBuildFile; fileRef = F8BD2F5B1B1470660096573E /* LaunchScreen.xib */; };
		F8BD2F871B14A00F0096573E /* PilotingViewController.m in Sources */ = {isa = PBXBuildFile; fileRef = F8BD2F731B1471160096573E /* PilotingViewController.m */; };
/* End PBXBuildFile section */

/* Begin PBXFileReference section */
		84CB94AE1BB19F26003DF310 /* libarcommands.a */ = {isa = PBXFileReference; lastKnownFileType = archive.ar; name = libarcommands.a; path = "../../../../../out/iOS-arm/staging/usr/lib/libarcommands.a"; sourceTree = "<group>"; };
		84CB94AF1BB19F26003DF310 /* libarcontroller.a */ = {isa = PBXFileReference; lastKnownFileType = archive.ar; name = libarcontroller.a; path = "../../../../../out/iOS-arm/staging/usr/lib/libarcontroller.a"; sourceTree = "<group>"; };
		84CB94B01BB19F26003DF310 /* libardiscovery.a */ = {isa = PBXFileReference; lastKnownFileType = archive.ar; name = libardiscovery.a; path = "../../../../../out/iOS-arm/staging/usr/lib/libardiscovery.a"; sourceTree = "<group>"; };
		84CB94B11BB19F26003DF310 /* libarnetwork.a */ = {isa = PBXFileReference; lastKnownFileType = archive.ar; name = libarnetwork.a; path = "../../../../../out/iOS-arm/staging/usr/lib/libarnetwork.a"; sourceTree = "<group>"; };
		84CB94B21BB19F26003DF310 /* libarnetworkal.a */ = {isa = PBXFileReference; lastKnownFileType = archive.ar; name = libarnetworkal.a; path = "../../../../../out/iOS-arm/staging/usr/lib/libarnetworkal.a"; sourceTree = "<group>"; };
		84CB94B31BB19F26003DF310 /* libarsal.a */ = {isa = PBXFileReference; lastKnownFileType = archive.ar; name = libarsal.a; path = "../../../../../out/iOS-arm/staging/usr/lib/libarsal.a"; sourceTree = "<group>"; };
		84CB94B41BB19F26003DF310 /* libarstream.a */ = {isa = PBXFileReference; lastKnownFileType = archive.ar; name = libarstream.a; path = "../../../../../out/iOS-arm/staging/usr/lib/libarstream.a"; sourceTree = "<group>"; };
		84CB94B51BB19F26003DF310 /* libjson.a */ = {isa = PBXFileReference; lastKnownFileType = archive.ar; name = libjson.a; path = "../../../../../out/iOS-arm/staging/usr/lib/libjson.a"; sourceTree = "<group>"; };
		F8BD2F491B1470660096573E /* RSPilotingNewAPI.app */ = {isa = PBXFileReference; explicitFileType = wrapper.application; includeInIndex = 0; path = RSPilotingNewAPI.app; sourceTree = BUILT_PRODUCTS_DIR; };
		F8BD2F4D1B1470660096573E /* Info.plist */ = {isa = PBXFileReference; lastKnownFileType = text.plist.xml; path = Info.plist; sourceTree = "<group>"; };
		F8BD2F4E1B1470660096573E /* main.m */ = {isa = PBXFileReference; lastKnownFileType = sourcecode.c.objc; path = main.m; sourceTree = "<group>"; };
		F8BD2F501B1470660096573E /* AppDelegate.h */ = {isa = PBXFileReference; lastKnownFileType = sourcecode.c.h; path = AppDelegate.h; sourceTree = "<group>"; };
		F8BD2F511B1470660096573E /* AppDelegate.m */ = {isa = PBXFileReference; lastKnownFileType = sourcecode.c.objc; path = AppDelegate.m; sourceTree = "<group>"; };
		F8BD2F531B1470660096573E /* ViewController.h */ = {isa = PBXFileReference; lastKnownFileType = sourcecode.c.h; path = ViewController.h; sourceTree = "<group>"; };
		F8BD2F541B1470660096573E /* ViewController.m */ = {isa = PBXFileReference; lastKnownFileType = sourcecode.c.objc; path = ViewController.m; sourceTree = "<group>"; };
		F8BD2F571B1470660096573E /* Base */ = {isa = PBXFileReference; lastKnownFileType = file.storyboard; name = Base; path = Base.lproj/Main.storyboard; sourceTree = "<group>"; };
		F8BD2F591B1470660096573E /* Images.xcassets */ = {isa = PBXFileReference; lastKnownFileType = folder.assetcatalog; path = Images.xcassets; sourceTree = "<group>"; };
		F8BD2F5C1B1470660096573E /* Base */ = {isa = PBXFileReference; lastKnownFileType = file.xib; name = Base; path = Base.lproj/LaunchScreen.xib; sourceTree = "<group>"; };
		F8BD2F721B1471160096573E /* PilotingViewController.h */ = {isa = PBXFileReference; fileEncoding = 4; lastKnownFileType = sourcecode.c.h; path = PilotingViewController.h; sourceTree = "<group>"; };
		F8BD2F731B1471160096573E /* PilotingViewController.m */ = {isa = PBXFileReference; fileEncoding = 4; lastKnownFileType = sourcecode.c.objc; path = PilotingViewController.m; sourceTree = "<group>"; };
/* End PBXFileReference section */

/* Begin PBXFrameworksBuildPhase section */
		F8BD2F461B1470660096573E /* Frameworks */ = {
			isa = PBXFrameworksBuildPhase;
			buildActionMask = 2147483647;
			files = (
				84CB94B61BB19F26003DF310 /* libarcommands.a in Frameworks */,
				84CB94B71BB19F26003DF310 /* libarcontroller.a in Frameworks */,
				84CB94B81BB19F26003DF310 /* libardiscovery.a in Frameworks */,
				84CB94B91BB19F26003DF310 /* libarnetwork.a in Frameworks */,
				84CB94BA1BB19F26003DF310 /* libarnetworkal.a in Frameworks */,
				84CB94BB1BB19F26003DF310 /* libarsal.a in Frameworks */,
				84CB94BC1BB19F26003DF310 /* libarstream.a in Frameworks */,
				84CB94BD1BB19F26003DF310 /* libjson.a in Frameworks */,
			);
			runOnlyForDeploymentPostprocessing = 0;
		};
/* End PBXFrameworksBuildPhase section */

/* Begin PBXGroup section */
		F8BD2F401B1470660096573E = {
			isa = PBXGroup;
			children = (
				F8BD2F4B1B1470660096573E /* RSPilotingNewAPI */,
				F8BD2F7A1B1471B70096573E /* Frameworks */,
				F8BD2F4A1B1470660096573E /* Products */,
			);
			sourceTree = "<group>";
		};
		F8BD2F4A1B1470660096573E /* Products */ = {
			isa = PBXGroup;
			children = (
				F8BD2F491B1470660096573E /* RSPilotingNewAPI.app */,
			);
			name = Products;
			sourceTree = "<group>";
		};
		F8BD2F4B1B1470660096573E /* RSPilotingNewAPI */ = {
			isa = PBXGroup;
			children = (
				F8BD2F721B1471160096573E /* PilotingViewController.h */,
				F8BD2F731B1471160096573E /* PilotingViewController.m */,
				F8BD2F501B1470660096573E /* AppDelegate.h */,
				F8BD2F511B1470660096573E /* AppDelegate.m */,
				F8BD2F531B1470660096573E /* ViewController.h */,
				F8BD2F541B1470660096573E /* ViewController.m */,
				F8BD2F561B1470660096573E /* Main.storyboard */,
				F8BD2F591B1470660096573E /* Images.xcassets */,
				F8BD2F5B1B1470660096573E /* LaunchScreen.xib */,
				F8BD2F4C1B1470660096573E /* Supporting Files */,
			);
			path = RSPilotingNewAPI;
			sourceTree = "<group>";
		};
		F8BD2F4C1B1470660096573E /* Supporting Files */ = {
			isa = PBXGroup;
			children = (
				F8BD2F4D1B1470660096573E /* Info.plist */,
				F8BD2F4E1B1470660096573E /* main.m */,
			);
			name = "Supporting Files";
			sourceTree = "<group>";
		};
		F8BD2F7A1B1471B70096573E /* Frameworks */ = {
			isa = PBXGroup;
			children = (
				84CB94AE1BB19F26003DF310 /* libarcommands.a */,
				84CB94AF1BB19F26003DF310 /* libarcontroller.a */,
				84CB94B01BB19F26003DF310 /* libardiscovery.a */,
				84CB94B11BB19F26003DF310 /* libarnetwork.a */,
				84CB94B21BB19F26003DF310 /* libarnetworkal.a */,
				84CB94B31BB19F26003DF310 /* libarsal.a */,
				84CB94B41BB19F26003DF310 /* libarstream.a */,
				84CB94B51BB19F26003DF310 /* libjson.a */,
			);
			name = Frameworks;
			sourceTree = "<group>";
		};
/* End PBXGroup section */

/* Begin PBXNativeTarget section */
		F8BD2F481B1470660096573E /* RSPilotingNewAPI */ = {
			isa = PBXNativeTarget;
			buildConfigurationList = F8BD2F6C1B1470660096573E /* Build configuration list for PBXNativeTarget "RSPilotingNewAPI" */;
			buildPhases = (
				F8BD2F451B1470660096573E /* Sources */,
				F8BD2F461B1470660096573E /* Frameworks */,
				F8BD2F471B1470660096573E /* Resources */,
			);
			buildRules = (
			);
			dependencies = (
			);
			name = RSPilotingNewAPI;
			productName = RSPilotingNewAPI;
			productReference = F8BD2F491B1470660096573E /* RSPilotingNewAPI.app */;
			productType = "com.apple.product-type.application";
		};
/* End PBXNativeTarget section */

/* Begin PBXProject section */
		F8BD2F411B1470660096573E /* Project object */ = {
			isa = PBXProject;
			attributes = {
				LastUpgradeCheck = 0630;
				ORGANIZATIONNAME = Parrot;
				TargetAttributes = {
					F8BD2F481B1470660096573E = {
						CreatedOnToolsVersion = 6.3.1;
					};
				};
			};
			buildConfigurationList = F8BD2F441B1470660096573E /* Build configuration list for PBXProject "RSPilotingNewAPI" */;
			compatibilityVersion = "Xcode 3.2";
			developmentRegion = English;
			hasScannedForEncodings = 0;
			knownRegions = (
				en,
				Base,
			);
			mainGroup = F8BD2F401B1470660096573E;
			productRefGroup = F8BD2F4A1B1470660096573E /* Products */;
			projectDirPath = "";
			projectRoot = "";
			targets = (
				F8BD2F481B1470660096573E /* RSPilotingNewAPI */,
			);
		};
/* End PBXProject section */

/* Begin PBXResourcesBuildPhase section */
		F8BD2F471B1470660096573E /* Resources */ = {
			isa = PBXResourcesBuildPhase;
			buildActionMask = 2147483647;
			files = (
				F8BD2F581B1470660096573E /* Main.storyboard in Resources */,
				F8BD2F5D1B1470660096573E /* LaunchScreen.xib in Resources */,
				F8BD2F5A1B1470660096573E /* Images.xcassets in Resources */,
			);
			runOnlyForDeploymentPostprocessing = 0;
		};
/* End PBXResourcesBuildPhase section */

/* Begin PBXSourcesBuildPhase section */
		F8BD2F451B1470660096573E /* Sources */ = {
			isa = PBXSourcesBuildPhase;
			buildActionMask = 2147483647;
			files = (
				F8BD2F871B14A00F0096573E /* PilotingViewController.m in Sources */,
				F8BD2F551B1470660096573E /* ViewController.m in Sources */,
				F8BD2F521B1470660096573E /* AppDelegate.m in Sources */,
				F8BD2F4F1B1470660096573E /* main.m in Sources */,
			);
			runOnlyForDeploymentPostprocessing = 0;
		};
/* End PBXSourcesBuildPhase section */

/* Begin PBXVariantGroup section */
		F8BD2F561B1470660096573E /* Main.storyboard */ = {
			isa = PBXVariantGroup;
			children = (
				F8BD2F571B1470660096573E /* Base */,
			);
			name = Main.storyboard;
			sourceTree = "<group>";
		};
		F8BD2F5B1B1470660096573E /* LaunchScreen.xib */ = {
			isa = PBXVariantGroup;
			children = (
				F8BD2F5C1B1470660096573E /* Base */,
			);
			name = LaunchScreen.xib;
			sourceTree = "<group>";
		};
/* End PBXVariantGroup section */

/* Begin XCBuildConfiguration section */
		F8BD2F6A1B1470660096573E /* Debug */ = {
			isa = XCBuildConfiguration;
			buildSettings = {
				ALWAYS_SEARCH_USER_PATHS = NO;
				CLANG_CXX_LANGUAGE_STANDARD = "gnu++0x";
				CLANG_CXX_LIBRARY = "libc++";
				CLANG_ENABLE_MODULES = YES;
				CLANG_ENABLE_OBJC_ARC = YES;
				CLANG_WARN_BOOL_CONVERSION = YES;
				CLANG_WARN_CONSTANT_CONVERSION = YES;
				CLANG_WARN_DIRECT_OBJC_ISA_USAGE = YES_ERROR;
				CLANG_WARN_EMPTY_BODY = YES;
				CLANG_WARN_ENUM_CONVERSION = YES;
				CLANG_WARN_INT_CONVERSION = YES;
				CLANG_WARN_OBJC_ROOT_CLASS = YES_ERROR;
				CLANG_WARN_UNREACHABLE_CODE = YES;
				CLANG_WARN__DUPLICATE_METHOD_MATCH = YES;
				"CODE_SIGN_IDENTITY[sdk=iphoneos*]" = "iPhone Developer";
				COPY_PHASE_STRIP = NO;
				DEBUG_INFORMATION_FORMAT = "dwarf-with-dsym";
				ENABLE_STRICT_OBJC_MSGSEND = YES;
				GCC_C_LANGUAGE_STANDARD = gnu99;
				GCC_DYNAMIC_NO_PIC = NO;
				GCC_NO_COMMON_BLOCKS = YES;
				GCC_OPTIMIZATION_LEVEL = 0;
				GCC_PREPROCESSOR_DEFINITIONS = (
					"DEBUG=1",
					"$(inherited)",
				);
				GCC_SYMBOLS_PRIVATE_EXTERN = NO;
				GCC_WARN_64_TO_32_BIT_CONVERSION = YES;
				GCC_WARN_ABOUT_RETURN_TYPE = YES_ERROR;
				GCC_WARN_UNDECLARED_SELECTOR = YES;
				GCC_WARN_UNINITIALIZED_AUTOS = YES_AGGRESSIVE;
				GCC_WARN_UNUSED_FUNCTION = YES;
				GCC_WARN_UNUSED_VARIABLE = YES;
				IPHONEOS_DEPLOYMENT_TARGET = 8.3;
				MTL_ENABLE_DEBUG_INFO = YES;
				ONLY_ACTIVE_ARCH = YES;
				SDKROOT = iphoneos;
				TARGETED_DEVICE_FAMILY = "1,2";
			};
			name = Debug;
		};
		F8BD2F6B1B1470660096573E /* Release */ = {
			isa = XCBuildConfiguration;
			buildSettings = {
				ALWAYS_SEARCH_USER_PATHS = NO;
				CLANG_CXX_LANGUAGE_STANDARD = "gnu++0x";
				CLANG_CXX_LIBRARY = "libc++";
				CLANG_ENABLE_MODULES = YES;
				CLANG_ENABLE_OBJC_ARC = YES;
				CLANG_WARN_BOOL_CONVERSION = YES;
				CLANG_WARN_CONSTANT_CONVERSION = YES;
				CLANG_WARN_DIRECT_OBJC_ISA_USAGE = YES_ERROR;
				CLANG_WARN_EMPTY_BODY = YES;
				CLANG_WARN_ENUM_CONVERSION = YES;
				CLANG_WARN_INT_CONVERSION = YES;
				CLANG_WARN_OBJC_ROOT_CLASS = YES_ERROR;
				CLANG_WARN_UNREACHABLE_CODE = YES;
				CLANG_WARN__DUPLICATE_METHOD_MATCH = YES;
				"CODE_SIGN_IDENTITY[sdk=iphoneos*]" = "iPhone Developer";
				COPY_PHASE_STRIP = NO;
				DEBUG_INFORMATION_FORMAT = "dwarf-with-dsym";
				ENABLE_NS_ASSERTIONS = NO;
				ENABLE_STRICT_OBJC_MSGSEND = YES;
				GCC_C_LANGUAGE_STANDARD = gnu99;
				GCC_NO_COMMON_BLOCKS = YES;
				GCC_WARN_64_TO_32_BIT_CONVERSION = YES;
				GCC_WARN_ABOUT_RETURN_TYPE = YES_ERROR;
				GCC_WARN_UNDECLARED_SELECTOR = YES;
				GCC_WARN_UNINITIALIZED_AUTOS = YES_AGGRESSIVE;
				GCC_WARN_UNUSED_FUNCTION = YES;
				GCC_WARN_UNUSED_VARIABLE = YES;
				IPHONEOS_DEPLOYMENT_TARGET = 8.3;
				MTL_ENABLE_DEBUG_INFO = NO;
				SDKROOT = iphoneos;
				TARGETED_DEVICE_FAMILY = "1,2";
				VALIDATE_PRODUCT = YES;
			};
			name = Release;
		};
		F8BD2F6D1B1470660096573E /* Debug */ = {
			isa = XCBuildConfiguration;
			buildSettings = {
				ASSETCATALOG_COMPILER_APPICON_NAME = AppIcon;
				ENABLE_BITCODE = NO;
				FRAMEWORK_SEARCH_PATHS = "$(inherited)";
				HEADER_SEARCH_PATHS = (
					"$(inherited)",
					/Applications/Xcode.app/Contents/Developer/Toolchains/XcodeDefault.xctoolchain/usr/include,
					"$(SRCROOT)/../../../../../out/iOS-arm/staging/usr/include",
				);
				INFOPLIST_FILE = RSPilotingNewAPI/Info.plist;
				IPHONEOS_DEPLOYMENT_TARGET = 7.0;
				LD_RUNPATH_SEARCH_PATHS = "$(inherited) @executable_path/Frameworks";
				LIBRARY_SEARCH_PATHS = (
					"$(inherited)",
					"$(SRCROOT)/../../../../../out/iOS-arm/staging/usr/lib",
				);
				PRODUCT_NAME = "$(TARGET_NAME)";
			};
			name = Debug;
		};
		F8BD2F6E1B1470660096573E /* Release */ = {
			isa = XCBuildConfiguration;
			buildSettings = {
				ASSETCATALOG_COMPILER_APPICON_NAME = AppIcon;
				ENABLE_BITCODE = NO;
				FRAMEWORK_SEARCH_PATHS = "$(inherited)";
				HEADER_SEARCH_PATHS = (
					"$(inherited)",
					/Applications/Xcode.app/Contents/Developer/Toolchains/XcodeDefault.xctoolchain/usr/include,
					"$(SRCROOT)/../../../../../out/iOS-arm/staging/usr/include",
				);
				INFOPLIST_FILE = RSPilotingNewAPI/Info.plist;
				IPHONEOS_DEPLOYMENT_TARGET = 7.0;
				LD_RUNPATH_SEARCH_PATHS = "$(inherited) @executable_path/Frameworks";
				LIBRARY_SEARCH_PATHS = (
					"$(inherited)",
					"$(SRCROOT)/../../../../../out/iOS-arm/staging/usr/lib",
				);
				PRODUCT_NAME = "$(TARGET_NAME)";
			};
			name = Release;
		};
/* End XCBuildConfiguration section */

/* Begin XCConfigurationList section */
		F8BD2F441B1470660096573E /* Build configuration list for PBXProject "RSPilotingNewAPI" */ = {
			isa = XCConfigurationList;
			buildConfigurations = (
				F8BD2F6A1B1470660096573E /* Debug */,
				F8BD2F6B1B1470660096573E /* Release */,
			);
			defaultConfigurationIsVisible = 0;
			defaultConfigurationName = Release;
		};
		F8BD2F6C1B1470660096573E /* Build configuration list for PBXNativeTarget "RSPilotingNewAPI" */ = {
			isa = XCConfigurationList;
			buildConfigurations = (
				F8BD2F6D1B1470660096573E /* Debug */,
				F8BD2F6E1B1470660096573E /* Release */,
			);
			defaultConfigurationIsVisible = 0;
			defaultConfigurationName = Release;
		};
/* End XCConfigurationList section */
	};
	rootObject = F8BD2F411B1470660096573E /* Project object */;
}
